
Microsoft Visual Studio Solution File, Format Version 12.00
# Visual Studio Version 16
VisualStudioVersion = 16.0.30413.136
MinimumVisualStudioVersion = 10.0.40219.1
Project("{FAE04EC0-301F-11D3-BF4B-00C04F79EFBC}") = "WriteParagraph", "WriteParagraph\WriteParagraph.csproj", "{DDCC2F6C-6403-4140-8B32-780CEBDF6F1E}"
EndProject
Global
	GlobalSection(SolutionConfigurationPlatforms) = preSolution
		Debug|Any CPU = Debug|Any CPU
		Release|Any CPU = Release|Any CPU
	EndGlobalSection
	GlobalSection(ProjectConfigurationPlatforms) = postSolution
		{DDCC2F6C-6403-4140-8B32-780CEBDF6F1E}.Debug|Any CPU.ActiveCfg = Debug|Any CPU
		{DDCC2F6C-6403-4140-8B32-780CEBDF6F1E}.Debug|Any CPU.Build.0 = Debug|Any CPU
		{DDCC2F6C-6403-4140-8B32-780CEBDF6F1E}.Release|Any CPU.ActiveCfg = Release|Any CPU
		{DDCC2F6C-6403-4140-8B32-780CEBDF6F1E}.Release|Any CPU.Build.0 = Release|Any CPU
	EndGlobalSection
	GlobalSection(SolutionProperties) = preSolution
		HideSolutionNode = FALSE
	EndGlobalSection
	GlobalSection(ExtensibilityGlobals) = postSolution
		SolutionGuid = {2AA08999-F028-41E8-A1F6-82697184AD8C}
	EndGlobalSection
EndGlobal
